
Microsoft Visual Studio Solution File, Format Version 12.00
# Visual Studio 15
VisualStudioVersion = 15.0.28307.1401
MinimumVisualStudioVersion = 10.0.40219.1
Project("{FAE04EC0-301F-11D3-BF4B-00C04F79EFBC}") = "Ejercicio_SOAP", "Ejercicio_SOAP\Ejercicio_SOAP.csproj", "{093FB0A1-90D6-4E15-93B4-272AB43A5263}"
EndProject
Global
	GlobalSection(SolutionConfigurationPlatforms) = preSolution
		Debug|Any CPU = Debug|Any CPU
		Release|Any CPU = Release|Any CPU
	EndGlobalSection
	GlobalSection(ProjectConfigurationPlatforms) = postSolution
		{093FB0A1-90D6-4E15-93B4-272AB43A5263}.Debug|Any CPU.ActiveCfg = Debug|Any CPU
		{093FB0A1-90D6-4E15-93B4-272AB43A5263}.Debug|Any CPU.Build.0 = Debug|Any CPU
		{093FB0A1-90D6-4E15-93B4-272AB43A5263}.Release|Any CPU.ActiveCfg = Release|Any CPU
		{093FB0A1-90D6-4E15-93B4-272AB43A5263}.Release|Any CPU.Build.0 = Release|Any CPU
	EndGlobalSection
	GlobalSection(SolutionProperties) = preSolution
		HideSolutionNode = FALSE
	EndGlobalSection
	GlobalSection(ExtensibilityGlobals) = postSolution
		SolutionGuid = {700AD3FE-0E7C-4D13-A607-3D65D27A35A8}
	EndGlobalSection
EndGlobal
